
Microsoft Visual Studio Solution File, Format Version 12.00
# Visual Studio Version 17
VisualStudioVersion = 17.3.32922.545
MinimumVisualStudioVersion = 10.0.40219.1
Project("{FAE04EC0-301F-11D3-BF4B-00C04F79EFBC}") = "Car_Store", "Car_Store.csproj", "{510B952B-6E48-465E-B7A0-3A65394AA55A}"
EndProject
Global
	GlobalSection(SolutionConfigurationPlatforms) = preSolution
		Debug|Any CPU = Debug|Any CPU
		Release|Any CPU = Release|Any CPU
	EndGlobalSection
	GlobalSection(ProjectConfigurationPlatforms) = postSolution
		{510B952B-6E48-465E-B7A0-3A65394AA55A}.Debug|Any CPU.ActiveCfg = Debug|Any CPU
		{510B952B-6E48-465E-B7A0-3A65394AA55A}.Debug|Any CPU.Build.0 = Debug|Any CPU
		{510B952B-6E48-465E-B7A0-3A65394AA55A}.Release|Any CPU.ActiveCfg = Release|Any CPU
		{510B952B-6E48-465E-B7A0-3A65394AA55A}.Release|Any CPU.Build.0 = Release|Any CPU
	EndGlobalSection
	GlobalSection(SolutionProperties) = preSolution
		HideSolutionNode = FALSE
	EndGlobalSection
	GlobalSection(ExtensibilityGlobals) = postSolution
		SolutionGuid = {AB9803AC-D3EE-469F-962A-898150B0A41D}
	EndGlobalSection
EndGlobal
